
Microsoft Visual Studio Solution File, Format Version 12.00
Project("{FAE04EC0-301F-11D3-BF4B-00C04F79EFBC}") = "BFM.Game", "BFM.Game\BFM.Game.csproj", "{B583CDBA-812C-4897-A46B-55A924E3FB7E}"
EndProject
Project("{FAE04EC0-301F-11D3-BF4B-00C04F79EFBC}") = "BFM.Game.Tests", "BFM.Game.Tests\BFM.Game.Tests.csproj", "{768CDC78-1646-4BFC-8805-55BEA2D51718}"
EndProject
Project("{FAE04EC0-301F-11D3-BF4B-00C04F79EFBC}") = "ApiPull", "ApiPull\ApiPull.csproj", "{A5CB7815-A900-4605-8D85-E7354D927C60}"
EndProject
Global
	GlobalSection(SolutionConfigurationPlatforms) = preSolution
		Debug|Any CPU = Debug|Any CPU
		Release|Any CPU = Release|Any CPU
	EndGlobalSection
	GlobalSection(ProjectConfigurationPlatforms) = postSolution
		{B583CDBA-812C-4897-A46B-55A924E3FB7E}.Debug|Any CPU.ActiveCfg = Debug|Any CPU
		{B583CDBA-812C-4897-A46B-55A924E3FB7E}.Debug|Any CPU.Build.0 = Debug|Any CPU
		{B583CDBA-812C-4897-A46B-55A924E3FB7E}.Release|Any CPU.ActiveCfg = Release|Any CPU
		{B583CDBA-812C-4897-A46B-55A924E3FB7E}.Release|Any CPU.Build.0 = Release|Any CPU
		{768CDC78-1646-4BFC-8805-55BEA2D51718}.Debug|Any CPU.ActiveCfg = Debug|Any CPU
		{768CDC78-1646-4BFC-8805-55BEA2D51718}.Debug|Any CPU.Build.0 = Debug|Any CPU
		{768CDC78-1646-4BFC-8805-55BEA2D51718}.Release|Any CPU.ActiveCfg = Release|Any CPU
		{768CDC78-1646-4BFC-8805-55BEA2D51718}.Release|Any CPU.Build.0 = Release|Any CPU
		{A5CB7815-A900-4605-8D85-E7354D927C60}.Debug|Any CPU.ActiveCfg = Debug|Any CPU
		{A5CB7815-A900-4605-8D85-E7354D927C60}.Debug|Any CPU.Build.0 = Debug|Any CPU
		{A5CB7815-A900-4605-8D85-E7354D927C60}.Release|Any CPU.ActiveCfg = Release|Any CPU
		{A5CB7815-A900-4605-8D85-E7354D927C60}.Release|Any CPU.Build.0 = Release|Any CPU
	EndGlobalSection
EndGlobal
